// !$*UTF8*$!
{
	archiveVersion = 1;
	classes = {
	};
	objectVersion = 50;
	objects = {

/* Begin PBXBuildFile section */
		68B8F13A249BE3B6007A62EB /* AppDelegate.swift in Sources */ = {isa = PBXBuildFile; fileRef = 68B8F139249BE3B6007A62EB /* AppDelegate.swift */; };
		68B8F13C249BE3B6007A62EB /* SceneDelegate.swift in Sources */ = {isa = PBXBuildFile; fileRef = 68B8F13B249BE3B6007A62EB /* SceneDelegate.swift */; };
		68B8F13E249BE3B6007A62EB /* TravelLocationsViewController.swift in Sources */ = {isa = PBXBuildFile; fileRef = 68B8F13D249BE3B6007A62EB /* TravelLocationsViewController.swift */; };
		68B8F141249BE3B6007A62EB /* Main.storyboard in Resources */ = {isa = PBXBuildFile; fileRef = 68B8F13F249BE3B6007A62EB /* Main.storyboard */; };
		68B8F144249BE3B6007A62EB /* VirtualTourist.xcdatamodeld in Sources */ = {isa = PBXBuildFile; fileRef = 68B8F142249BE3B6007A62EB /* VirtualTourist.xcdatamodeld */; };
		68B8F146249BE3B6007A62EB /* Assets.xcassets in Resources */ = {isa = PBXBuildFile; fileRef = 68B8F145249BE3B6007A62EB /* Assets.xcassets */; };
		68B8F149249BE3B6007A62EB /* LaunchScreen.storyboard in Resources */ = {isa = PBXBuildFile; fileRef = 68B8F147249BE3B6007A62EB /* LaunchScreen.storyboard */; };
		68B8F156249BEAB6007A62EB /* Constants.swift in Sources */ = {isa = PBXBuildFile; fileRef = 68B8F155249BEAB6007A62EB /* Constants.swift */; };
		68B8F158249E1BF7007A62EB /* DataController.swift in Sources */ = {isa = PBXBuildFile; fileRef = 68B8F157249E1BF7007A62EB /* DataController.swift */; };
		68B8F15A249F7033007A62EB /* PhotoAlbumViewController.swift in Sources */ = {isa = PBXBuildFile; fileRef = 68B8F159249F7033007A62EB /* PhotoAlbumViewController.swift */; };
		68B8F15C249F8F15007A62EB /* PhotoCell.swift in Sources */ = {isa = PBXBuildFile; fileRef = 68B8F15B249F8F15007A62EB /* PhotoCell.swift */; };
/* End PBXBuildFile section */

/* Begin PBXFileReference section */
		68B8F136249BE3B6007A62EB /* VirtualTourist.app */ = {isa = PBXFileReference; explicitFileType = wrapper.application; includeInIndex = 0; path = VirtualTourist.app; sourceTree = BUILT_PRODUCTS_DIR; };
		68B8F139249BE3B6007A62EB /* AppDelegate.swift */ = {isa = PBXFileReference; lastKnownFileType = sourcecode.swift; path = AppDelegate.swift; sourceTree = "<group>"; };
		68B8F13B249BE3B6007A62EB /* SceneDelegate.swift */ = {isa = PBXFileReference; lastKnownFileType = sourcecode.swift; path = SceneDelegate.swift; sourceTree = "<group>"; };
		68B8F13D249BE3B6007A62EB /* TravelLocationsViewController.swift */ = {isa = PBXFileReference; lastKnownFileType = sourcecode.swift; path = TravelLocationsViewController.swift; sourceTree = "<group>"; };
		68B8F140249BE3B6007A62EB /* Base */ = {isa = PBXFileReference; lastKnownFileType = file.storyboard; name = Base; path = Base.lproj/Main.storyboard; sourceTree = "<group>"; };
		68B8F143249BE3B6007A62EB /* VirtualTourist.xcdatamodel */ = {isa = PBXFileReference; lastKnownFileType = wrapper.xcdatamodel; path = VirtualTourist.xcdatamodel; sourceTree = "<group>"; };
		68B8F145249BE3B6007A62EB /* Assets.xcassets */ = {isa = PBXFileReference; lastKnownFileType = folder.assetcatalog; path = Assets.xcassets; sourceTree = "<group>"; };
		68B8F148249BE3B6007A62EB /* Base */ = {isa = PBXFileReference; lastKnownFileType = file.storyboard; name = Base; path = Base.lproj/LaunchScreen.storyboard; sourceTree = "<group>"; };
		68B8F14A249BE3B6007A62EB /* Info.plist */ = {isa = PBXFileReference; lastKnownFileType = text.plist.xml; path = Info.plist; sourceTree = "<group>"; };
		68B8F155249BEAB6007A62EB /* Constants.swift */ = {isa = PBXFileReference; lastKnownFileType = sourcecode.swift; path = Constants.swift; sourceTree = "<group>"; };
		68B8F157249E1BF7007A62EB /* DataController.swift */ = {isa = PBXFileReference; lastKnownFileType = sourcecode.swift; path = DataController.swift; sourceTree = "<group>"; };
		68B8F159249F7033007A62EB /* PhotoAlbumViewController.swift */ = {isa = PBXFileReference; lastKnownFileType = sourcecode.swift; path = PhotoAlbumViewController.swift; sourceTree = "<group>"; };
		68B8F15B249F8F15007A62EB /* PhotoCell.swift */ = {isa = PBXFileReference; lastKnownFileType = sourcecode.swift; path = PhotoCell.swift; sourceTree = "<group>"; };
/* End PBXFileReference section */

/* Begin PBXFrameworksBuildPhase section */
		68B8F133249BE3B6007A62EB /* Frameworks */ = {
			isa = PBXFrameworksBuildPhase;
			buildActionMask = 2147483647;
			files = (
			);
			runOnlyForDeploymentPostprocessing = 0;
		};
/* End PBXFrameworksBuildPhase section */

/* Begin PBXGroup section */
		68B8F12D249BE3B6007A62EB = {
			isa = PBXGroup;
			children = (
				68B8F139249BE3B6007A62EB /* AppDelegate.swift */,
				68B8F13B249BE3B6007A62EB /* SceneDelegate.swift */,
				68B8F138249BE3B6007A62EB /* VirtualTourist */,
				68B8F137249BE3B6007A62EB /* Products */,
			);
			sourceTree = "<group>";
		};
		68B8F137249BE3B6007A62EB /* Products */ = {
			isa = PBXGroup;
			children = (
				68B8F136249BE3B6007A62EB /* VirtualTourist.app */,
			);
			name = Products;
			sourceTree = "<group>";
		};
		68B8F138249BE3B6007A62EB /* VirtualTourist */ = {
			isa = PBXGroup;
			children = (
				68B8F150249BE518007A62EB /* Model */,
				68B8F152249BE522007A62EB /* ViewController */,
				68B8F151249BE51D007A62EB /* View */,
				68B8F153249BE52F007A62EB /* Storyboards */,
				68B8F154249BE54B007A62EB /* Assets */,
				68B8F14A249BE3B6007A62EB /* Info.plist */,
			);
			path = VirtualTourist;
			sourceTree = "<group>";
		};
		68B8F150249BE518007A62EB /* Model */ = {
			isa = PBXGroup;
			children = (
				68B8F142249BE3B6007A62EB /* VirtualTourist.xcdatamodeld */,
				68B8F155249BEAB6007A62EB /* Constants.swift */,
				68B8F157249E1BF7007A62EB /* DataController.swift */,
			);
			path = Model;
			sourceTree = "<group>";
		};
		68B8F151249BE51D007A62EB /* View */ = {
			isa = PBXGroup;
			children = (
				68B8F15B249F8F15007A62EB /* PhotoCell.swift */,
			);
			path = View;
			sourceTree = "<group>";
		};
		68B8F152249BE522007A62EB /* ViewController */ = {
			isa = PBXGroup;
			children = (
				68B8F13D249BE3B6007A62EB /* TravelLocationsViewController.swift */,
				68B8F159249F7033007A62EB /* PhotoAlbumViewController.swift */,
			);
			path = ViewController;
			sourceTree = "<group>";
		};
		68B8F153249BE52F007A62EB /* Storyboards */ = {
			isa = PBXGroup;
			children = (
				68B8F13F249BE3B6007A62EB /* Main.storyboard */,
				68B8F147249BE3B6007A62EB /* LaunchScreen.storyboard */,
			);
			path = Storyboards;
			sourceTree = "<group>";
		};
		68B8F154249BE54B007A62EB /* Assets */ = {
			isa = PBXGroup;
			children = (
				68B8F145249BE3B6007A62EB /* Assets.xcassets */,
			);
			path = Assets;
			sourceTree = "<group>";
		};
/* End PBXGroup section */

/* Begin PBXNativeTarget section */
		68B8F135249BE3B6007A62EB /* VirtualTourist */ = {
			isa = PBXNativeTarget;
			buildConfigurationList = 68B8F14D249BE3B6007A62EB /* Build configuration list for PBXNativeTarget "VirtualTourist" */;
			buildPhases = (
				68B8F132249BE3B6007A62EB /* Sources */,
				68B8F133249BE3B6007A62EB /* Frameworks */,
				68B8F134249BE3B6007A62EB /* Resources */,
			);
			buildRules = (
			);
			dependencies = (
			);
			name = VirtualTourist;
			productName = VirtualTourist;
			productReference = 68B8F136249BE3B6007A62EB /* VirtualTourist.app */;
			productType = "com.apple.product-type.application";
		};
/* End PBXNativeTarget section */

/* Begin PBXProject section */
		68B8F12E249BE3B6007A62EB /* Project object */ = {
			isa = PBXProject;
			attributes = {
				LastSwiftUpdateCheck = 1130;
				LastUpgradeCheck = 1130;
				ORGANIZATIONNAME = "nd-projects";
				TargetAttributes = {
					68B8F135249BE3B6007A62EB = {
						CreatedOnToolsVersion = 11.3.1;
					};
				};
			};
			buildConfigurationList = 68B8F131249BE3B6007A62EB /* Build configuration list for PBXProject "VirtualTourist" */;
			compatibilityVersion = "Xcode 9.3";
			developmentRegion = en;
			hasScannedForEncodings = 0;
			knownRegions = (
				en,
				Base,
			);
			mainGroup = 68B8F12D249BE3B6007A62EB;
			productRefGroup = 68B8F137249BE3B6007A62EB /* Products */;
			projectDirPath = "";
			projectRoot = "";
			targets = (
				68B8F135249BE3B6007A62EB /* VirtualTourist */,
			);
		};
/* End PBXProject section */

/* Begin PBXResourcesBuildPhase section */
		68B8F134249BE3B6007A62EB /* Resources */ = {
			isa = PBXResourcesBuildPhase;
			buildActionMask = 2147483647;
			files = (
				68B8F149249BE3B6007A62EB /* LaunchScreen.storyboard in Resources */,
				68B8F146249BE3B6007A62EB /* Assets.xcassets in Resources */,
				68B8F141249BE3B6007A62EB /* Main.storyboard in Resources */,
			);
			runOnlyForDeploymentPostprocessing = 0;
		};
/* End PBXResourcesBuildPhase section */

/* Begin PBXSourcesBuildPhase section */
		68B8F132249BE3B6007A62EB /* Sources */ = {
			isa = PBXSourcesBuildPhase;
			buildActionMask = 2147483647;
			files = (
				68B8F144249BE3B6007A62EB /* VirtualTourist.xcdatamodeld in Sources */,
				68B8F15A249F7033007A62EB /* PhotoAlbumViewController.swift in Sources */,
				68B8F158249E1BF7007A62EB /* DataController.swift in Sources */,
				68B8F156249BEAB6007A62EB /* Constants.swift in Sources */,
				68B8F15C249F8F15007A62EB /* PhotoCell.swift in Sources */,
				68B8F13E249BE3B6007A62EB /* TravelLocationsViewController.swift in Sources */,
				68B8F13A249BE3B6007A62EB /* AppDelegate.swift in Sources */,
				68B8F13C249BE3B6007A62EB /* SceneDelegate.swift in Sources */,
			);
			runOnlyForDeploymentPostprocessing = 0;
		};
/* End PBXSourcesBuildPhase section */

/* Begin PBXVariantGroup section */
		68B8F13F249BE3B6007A62EB /* Main.storyboard */ = {
			isa = PBXVariantGroup;
			children = (
				68B8F140249BE3B6007A62EB /* Base */,
			);
			name = Main.storyboard;
			sourceTree = "<group>";
		};
		68B8F147249BE3B6007A62EB /* LaunchScreen.storyboard */ = {
			isa = PBXVariantGroup;
			children = (
				68B8F148249BE3B6007A62EB /* Base */,
			);
			name = LaunchScreen.storyboard;
			sourceTree = "<group>";
		};
/* End PBXVariantGroup section */

/* Begin XCBuildConfiguration section */
		68B8F14B249BE3B6007A62EB /* Debug */ = {
			isa = XCBuildConfiguration;
			buildSettings = {
				ALWAYS_SEARCH_USER_PATHS = NO;
				CLANG_ANALYZER_NONNULL = YES;
				CLANG_ANALYZER_NUMBER_OBJECT_CONVERSION = YES_AGGRESSIVE;
				CLANG_CXX_LANGUAGE_STANDARD = "gnu++14";
				CLANG_CXX_LIBRARY = "libc++";
				CLANG_ENABLE_MODULES = YES;
				CLANG_ENABLE_OBJC_ARC = YES;
				CLANG_ENABLE_OBJC_WEAK = YES;
				CLANG_WARN_BLOCK_CAPTURE_AUTORELEASING = YES;
				CLANG_WARN_BOOL_CONVERSION = YES;
				CLANG_WARN_COMMA = YES;
				CLANG_WARN_CONSTANT_CONVERSION = YES;
				CLANG_WARN_DEPRECATED_OBJC_IMPLEMENTATIONS = YES;
				CLANG_WARN_DIRECT_OBJC_ISA_USAGE = YES_ERROR;
				CLANG_WARN_DOCUMENTATION_COMMENTS = YES;
				CLANG_WARN_EMPTY_BODY = YES;
				CLANG_WARN_ENUM_CONVERSION = YES;
				CLANG_WARN_INFINITE_RECURSION = YES;
				CLANG_WARN_INT_CONVERSION = YES;
				CLANG_WARN_NON_LITERAL_NULL_CONVERSION = YES;
				CLANG_WARN_OBJC_IMPLICIT_RETAIN_SELF = YES;
				CLANG_WARN_OBJC_LITERAL_CONVERSION = YES;
				CLANG_WARN_OBJC_ROOT_CLASS = YES_ERROR;
				CLANG_WARN_RANGE_LOOP_ANALYSIS = YES;
				CLANG_WARN_STRICT_PROTOTYPES = YES;
				CLANG_WARN_SUSPICIOUS_MOVE = YES;
				CLANG_WARN_UNGUARDED_AVAILABILITY = YES_AGGRESSIVE;
				CLANG_WARN_UNREACHABLE_CODE = YES;
				CLANG_WARN__DUPLICATE_METHOD_MATCH = YES;
				COPY_PHASE_STRIP = NO;
				DEBUG_INFORMATION_FORMAT = dwarf;
				ENABLE_STRICT_OBJC_MSGSEND = YES;
				ENABLE_TESTABILITY = YES;
				GCC_C_LANGUAGE_STANDARD = gnu11;
				GCC_DYNAMIC_NO_PIC = NO;
				GCC_NO_COMMON_BLOCKS = YES;
				GCC_OPTIMIZATION_LEVEL = 0;
				GCC_PREPROCESSOR_DEFINITIONS = (
					"DEBUG=1",
					"$(inherited)",
				);
				GCC_WARN_64_TO_32_BIT_CONVERSION = YES;
				GCC_WARN_ABOUT_RETURN_TYPE = YES_ERROR;
				GCC_WARN_UNDECLARED_SELECTOR = YES;
				GCC_WARN_UNINITIALIZED_AUTOS = YES_AGGRESSIVE;
				GCC_WARN_UNUSED_FUNCTION = YES;
				GCC_WARN_UNUSED_VARIABLE = YES;
				IPHONEOS_DEPLOYMENT_TARGET = 13.2;
				MTL_ENABLE_DEBUG_INFO = INCLUDE_SOURCE;
				MTL_FAST_MATH = YES;
				ONLY_ACTIVE_ARCH = YES;
				SDKROOT = iphoneos;
				SWIFT_ACTIVE_COMPILATION_CONDITIONS = DEBUG;
				SWIFT_OPTIMIZATION_LEVEL = "-Onone";
			};
			name = Debug;
		};
		68B8F14C249BE3B6007A62EB /* Release */ = {
			isa = XCBuildConfiguration;
			buildSettings = {
				ALWAYS_SEARCH_USER_PATHS = NO;
				CLANG_ANALYZER_NONNULL = YES;
				CLANG_ANALYZER_NUMBER_OBJECT_CONVERSION = YES_AGGRESSIVE;
				CLANG_CXX_LANGUAGE_STANDARD = "gnu++14";
				CLANG_CXX_LIBRARY = "libc++";
				CLANG_ENABLE_MODULES = YES;
				CLANG_ENABLE_OBJC_ARC = YES;
				CLANG_ENABLE_OBJC_WEAK = YES;
				CLANG_WARN_BLOCK_CAPTURE_AUTORELEASING = YES;
				CLANG_WARN_BOOL_CONVERSION = YES;
				CLANG_WARN_COMMA = YES;
				CLANG_WARN_CONSTANT_CONVERSION = YES;
				CLANG_WARN_DEPRECATED_OBJC_IMPLEMENTATIONS = YES;
				CLANG_WARN_DIRECT_OBJC_ISA_USAGE = YES_ERROR;
				CLANG_WARN_DOCUMENTATION_COMMENTS = YES;
				CLANG_WARN_EMPTY_BODY = YES;
				CLANG_WARN_ENUM_CONVERSION = YES;
				CLANG_WARN_INFINITE_RECURSION = YES;
				CLANG_WARN_INT_CONVERSION = YES;
				CLANG_WARN_NON_LITERAL_NULL_CONVERSION = YES;
				CLANG_WARN_OBJC_IMPLICIT_RETAIN_SELF = YES;
				CLANG_WARN_OBJC_LITERAL_CONVERSION = YES;
				CLANG_WARN_OBJC_ROOT_CLASS = YES_ERROR;
				CLANG_WARN_RANGE_LOOP_ANALYSIS = YES;
				CLANG_WARN_STRICT_PROTOTYPES = YES;
				CLANG_WARN_SUSPICIOUS_MOVE = YES;
				CLANG_WARN_UNGUARDED_AVAILABILITY = YES_AGGRESSIVE;
				CLANG_WARN_UNREACHABLE_CODE = YES;
				CLANG_WARN__DUPLICATE_METHOD_MATCH = YES;
				COPY_PHASE_STRIP = NO;
				DEBUG_INFORMATION_FORMAT = "dwarf-with-dsym";
				ENABLE_NS_ASSERTIONS = NO;
				ENABLE_STRICT_OBJC_MSGSEND = YES;
				GCC_C_LANGUAGE_STANDARD = gnu11;
				GCC_NO_COMMON_BLOCKS = YES;
				GCC_WARN_64_TO_32_BIT_CONVERSION = YES;
				GCC_WARN_ABOUT_RETURN_TYPE = YES_ERROR;
				GCC_WARN_UNDECLARED_SELECTOR = YES;
				GCC_WARN_UNINITIALIZED_AUTOS = YES_AGGRESSIVE;
				GCC_WARN_UNUSED_FUNCTION = YES;
				GCC_WARN_UNUSED_VARIABLE = YES;
				IPHONEOS_DEPLOYMENT_TARGET = 13.2;
				MTL_ENABLE_DEBUG_INFO = NO;
				MTL_FAST_MATH = YES;
				SDKROOT = iphoneos;
				SWIFT_COMPILATION_MODE = wholemodule;
				SWIFT_OPTIMIZATION_LEVEL = "-O";
				VALIDATE_PRODUCT = YES;
			};
			name = Release;
		};
		68B8F14E249BE3B6007A62EB /* Debug */ = {
			isa = XCBuildConfiguration;
			buildSettings = {
				ASSETCATALOG_COMPILER_APPICON_NAME = AppIcon;
				CODE_SIGN_STYLE = Automatic;
				INFOPLIST_FILE = VirtualTourist/Info.plist;
				LD_RUNPATH_SEARCH_PATHS = (
					"$(inherited)",
					"@executable_path/Frameworks",
				);
				PRODUCT_BUNDLE_IDENTIFIER = "com.nd-projects.VirtualTourist";
				PRODUCT_NAME = "$(TARGET_NAME)";
				SWIFT_VERSION = 5.0;
				TARGETED_DEVICE_FAMILY = "1,2";
			};
			name = Debug;
		};
		68B8F14F249BE3B6007A62EB /* Release */ = {
			isa = XCBuildConfiguration;
			buildSettings = {
				ASSETCATALOG_COMPILER_APPICON_NAME = AppIcon;
				CODE_SIGN_STYLE = Automatic;
				INFOPLIST_FILE = VirtualTourist/Info.plist;
				LD_RUNPATH_SEARCH_PATHS = (
					"$(inherited)",
					"@executable_path/Frameworks",
				);
				PRODUCT_BUNDLE_IDENTIFIER = "com.nd-projects.VirtualTourist";
				PRODUCT_NAME = "$(TARGET_NAME)";
				SWIFT_VERSION = 5.0;
				TARGETED_DEVICE_FAMILY = "1,2";
			};
			name = Release;
		};
/* End XCBuildConfiguration section */

/* Begin XCConfigurationList section */
		68B8F131249BE3B6007A62EB /* Build configuration list for PBXProject "VirtualTourist" */ = {
			isa = XCConfigurationList;
			buildConfigurations = (
				68B8F14B249BE3B6007A62EB /* Debug */,
				68B8F14C249BE3B6007A62EB /* Release */,
			);
			defaultConfigurationIsVisible = 0;
			defaultConfigurationName = Release;
		};
		68B8F14D249BE3B6007A62EB /* Build configuration list for PBXNativeTarget "VirtualTourist" */ = {
			isa = XCConfigurationList;
			buildConfigurations = (
				68B8F14E249BE3B6007A62EB /* Debug */,
				68B8F14F249BE3B6007A62EB /* Release */,
			);
			defaultConfigurationIsVisible = 0;
			defaultConfigurationName = Release;
		};
/* End XCConfigurationList section */

/* Begin XCVersionGroup section */
		68B8F142249BE3B6007A62EB /* VirtualTourist.xcdatamodeld */ = {
			isa = XCVersionGroup;
			children = (
				68B8F143249BE3B6007A62EB /* VirtualTourist.xcdatamodel */,
			);
			currentVersion = 68B8F143249BE3B6007A62EB /* VirtualTourist.xcdatamodel */;
			path = VirtualTourist.xcdatamodeld;
			sourceTree = "<group>";
			versionGroupType = wrapper.xcdatamodel;
		};
/* End XCVersionGroup section */
	};
	rootObject = 68B8F12E249BE3B6007A62EB /* Project object */;
}
