// !$*UTF8*$!
{
	archiveVersion = 1;
	classes = {
	};
	objectVersion = 50;
	objects = {

/* Begin PBXBuildFile section */
		687F82252427E953006A90A5 /* AppDelegate.swift in Sources */ = {isa = PBXBuildFile; fileRef = 687F82242427E953006A90A5 /* AppDelegate.swift */; };
		687F82272427E953006A90A5 /* SceneDelegate.swift in Sources */ = {isa = PBXBuildFile; fileRef = 687F82262427E953006A90A5 /* SceneDelegate.swift */; };
		687F82292427E953006A90A5 /* MemeEditorViewController.swift in Sources */ = {isa = PBXBuildFile; fileRef = 687F82282427E953006A90A5 /* MemeEditorViewController.swift */; };
		687F822C2427E953006A90A5 /* Main.storyboard in Resources */ = {isa = PBXBuildFile; fileRef = 687F822A2427E953006A90A5 /* Main.storyboard */; };
		687F822E2427E955006A90A5 /* Assets.xcassets in Resources */ = {isa = PBXBuildFile; fileRef = 687F822D2427E955006A90A5 /* Assets.xcassets */; };
		687F82312427E955006A90A5 /* LaunchScreen.storyboard in Resources */ = {isa = PBXBuildFile; fileRef = 687F822F2427E955006A90A5 /* LaunchScreen.storyboard */; };
		68F24F1124447A1C0090BCAA /* Meme.swift in Sources */ = {isa = PBXBuildFile; fileRef = 68F24F1024447A1C0090BCAA /* Meme.swift */; };
		68F24F1324447CDE0090BCAA /* MemeHistoryViewController.swift in Sources */ = {isa = PBXBuildFile; fileRef = 68F24F1224447CDE0090BCAA /* MemeHistoryViewController.swift */; };
		68F24F16244484770090BCAA /* MemeHistoryTableViewController.swift in Sources */ = {isa = PBXBuildFile; fileRef = 68F24F15244484770090BCAA /* MemeHistoryTableViewController.swift */; };
		68F24F18244484870090BCAA /* MemeHistoryCollectionViewController.swift in Sources */ = {isa = PBXBuildFile; fileRef = 68F24F17244484870090BCAA /* MemeHistoryCollectionViewController.swift */; };
		68F24F1B24448C5C0090BCAA /* MemeTableCell.swift in Sources */ = {isa = PBXBuildFile; fileRef = 68F24F1A24448C5C0090BCAA /* MemeTableCell.swift */; };
		68F24F1D24448C680090BCAA /* MemeCollectionCell.swift in Sources */ = {isa = PBXBuildFile; fileRef = 68F24F1C24448C680090BCAA /* MemeCollectionCell.swift */; };
/* End PBXBuildFile section */

/* Begin PBXFileReference section */
		687F82212427E953006A90A5 /* MemeMe.app */ = {isa = PBXFileReference; explicitFileType = wrapper.application; includeInIndex = 0; path = MemeMe.app; sourceTree = BUILT_PRODUCTS_DIR; };
		687F82242427E953006A90A5 /* AppDelegate.swift */ = {isa = PBXFileReference; lastKnownFileType = sourcecode.swift; path = AppDelegate.swift; sourceTree = "<group>"; };
		687F82262427E953006A90A5 /* SceneDelegate.swift */ = {isa = PBXFileReference; lastKnownFileType = sourcecode.swift; path = SceneDelegate.swift; sourceTree = "<group>"; };
		687F82282427E953006A90A5 /* MemeEditorViewController.swift */ = {isa = PBXFileReference; lastKnownFileType = sourcecode.swift; path = MemeEditorViewController.swift; sourceTree = "<group>"; };
		687F822B2427E953006A90A5 /* Base */ = {isa = PBXFileReference; lastKnownFileType = file.storyboard; name = Base; path = Base.lproj/Main.storyboard; sourceTree = "<group>"; };
		687F822D2427E955006A90A5 /* Assets.xcassets */ = {isa = PBXFileReference; lastKnownFileType = folder.assetcatalog; path = Assets.xcassets; sourceTree = "<group>"; };
		687F82302427E955006A90A5 /* Base */ = {isa = PBXFileReference; lastKnownFileType = file.storyboard; name = Base; path = Base.lproj/LaunchScreen.storyboard; sourceTree = "<group>"; };
		687F82322427E955006A90A5 /* Info.plist */ = {isa = PBXFileReference; lastKnownFileType = text.plist.xml; path = Info.plist; sourceTree = "<group>"; };
		68F24F1024447A1C0090BCAA /* Meme.swift */ = {isa = PBXFileReference; lastKnownFileType = sourcecode.swift; path = Meme.swift; sourceTree = "<group>"; };
		68F24F1224447CDE0090BCAA /* MemeHistoryViewController.swift */ = {isa = PBXFileReference; lastKnownFileType = sourcecode.swift; path = MemeHistoryViewController.swift; sourceTree = "<group>"; };
		68F24F15244484770090BCAA /* MemeHistoryTableViewController.swift */ = {isa = PBXFileReference; lastKnownFileType = sourcecode.swift; path = MemeHistoryTableViewController.swift; sourceTree = "<group>"; };
		68F24F17244484870090BCAA /* MemeHistoryCollectionViewController.swift */ = {isa = PBXFileReference; lastKnownFileType = sourcecode.swift; path = MemeHistoryCollectionViewController.swift; sourceTree = "<group>"; };
		68F24F1A24448C5C0090BCAA /* MemeTableCell.swift */ = {isa = PBXFileReference; lastKnownFileType = sourcecode.swift; path = MemeTableCell.swift; sourceTree = "<group>"; };
		68F24F1C24448C680090BCAA /* MemeCollectionCell.swift */ = {isa = PBXFileReference; lastKnownFileType = sourcecode.swift; path = MemeCollectionCell.swift; sourceTree = "<group>"; };
/* End PBXFileReference section */

/* Begin PBXFrameworksBuildPhase section */
		687F821E2427E953006A90A5 /* Frameworks */ = {
			isa = PBXFrameworksBuildPhase;
			buildActionMask = 2147483647;
			files = (
			);
			runOnlyForDeploymentPostprocessing = 0;
		};
/* End PBXFrameworksBuildPhase section */

/* Begin PBXGroup section */
		687F82182427E953006A90A5 = {
			isa = PBXGroup;
			children = (
				687F82232427E953006A90A5 /* MemeMe */,
				687F82222427E953006A90A5 /* Products */,
			);
			sourceTree = "<group>";
		};
		687F82222427E953006A90A5 /* Products */ = {
			isa = PBXGroup;
			children = (
				687F82212427E953006A90A5 /* MemeMe.app */,
			);
			name = Products;
			sourceTree = "<group>";
		};
		687F82232427E953006A90A5 /* MemeMe */ = {
			isa = PBXGroup;
			children = (
				68F24F0F24447A060090BCAA /* DataModel */,
				68F24F142444844A0090BCAA /* ViewControllers */,
				687F82242427E953006A90A5 /* AppDelegate.swift */,
				687F82262427E953006A90A5 /* SceneDelegate.swift */,
				687F822A2427E953006A90A5 /* Main.storyboard */,
				687F822D2427E955006A90A5 /* Assets.xcassets */,
				687F822F2427E955006A90A5 /* LaunchScreen.storyboard */,
				687F82322427E955006A90A5 /* Info.plist */,
			);
			path = MemeMe;
			sourceTree = "<group>";
		};
		68F24F0F24447A060090BCAA /* DataModel */ = {
			isa = PBXGroup;
			children = (
				68F24F1024447A1C0090BCAA /* Meme.swift */,
			);
			path = DataModel;
			sourceTree = "<group>";
		};
		68F24F142444844A0090BCAA /* ViewControllers */ = {
			isa = PBXGroup;
			children = (
				68F24F1924448C4B0090BCAA /* Cells */,
				687F82282427E953006A90A5 /* MemeEditorViewController.swift */,
				68F24F1224447CDE0090BCAA /* MemeHistoryViewController.swift */,
				68F24F15244484770090BCAA /* MemeHistoryTableViewController.swift */,
				68F24F17244484870090BCAA /* MemeHistoryCollectionViewController.swift */,
			);
			path = ViewControllers;
			sourceTree = "<group>";
		};
		68F24F1924448C4B0090BCAA /* Cells */ = {
			isa = PBXGroup;
			children = (
				68F24F1A24448C5C0090BCAA /* MemeTableCell.swift */,
				68F24F1C24448C680090BCAA /* MemeCollectionCell.swift */,
			);
			path = Cells;
			sourceTree = "<group>";
		};
/* End PBXGroup section */

/* Begin PBXNativeTarget section */
		687F82202427E953006A90A5 /* MemeMe */ = {
			isa = PBXNativeTarget;
			buildConfigurationList = 687F82352427E955006A90A5 /* Build configuration list for PBXNativeTarget "MemeMe" */;
			buildPhases = (
				687F821D2427E953006A90A5 /* Sources */,
				687F821E2427E953006A90A5 /* Frameworks */,
				687F821F2427E953006A90A5 /* Resources */,
				687F82382430B20C006A90A5 /* Run Script: SwiftLint */,
			);
			buildRules = (
			);
			dependencies = (
			);
			name = MemeMe;
			productName = MemeMe;
			productReference = 687F82212427E953006A90A5 /* MemeMe.app */;
			productType = "com.apple.product-type.application";
		};
/* End PBXNativeTarget section */

/* Begin PBXProject section */
		687F82192427E953006A90A5 /* Project object */ = {
			isa = PBXProject;
			attributes = {
				LastSwiftUpdateCheck = 1130;
				LastUpgradeCheck = 1130;
				ORGANIZATIONNAME = "nd-projects";
				TargetAttributes = {
					687F82202427E953006A90A5 = {
						CreatedOnToolsVersion = 11.3.1;
					};
				};
			};
			buildConfigurationList = 687F821C2427E953006A90A5 /* Build configuration list for PBXProject "MemeMe" */;
			compatibilityVersion = "Xcode 9.3";
			developmentRegion = en;
			hasScannedForEncodings = 0;
			knownRegions = (
				en,
				Base,
			);
			mainGroup = 687F82182427E953006A90A5;
			productRefGroup = 687F82222427E953006A90A5 /* Products */;
			projectDirPath = "";
			projectRoot = "";
			targets = (
				687F82202427E953006A90A5 /* MemeMe */,
			);
		};
/* End PBXProject section */

/* Begin PBXResourcesBuildPhase section */
		687F821F2427E953006A90A5 /* Resources */ = {
			isa = PBXResourcesBuildPhase;
			buildActionMask = 2147483647;
			files = (
				687F82312427E955006A90A5 /* LaunchScreen.storyboard in Resources */,
				687F822E2427E955006A90A5 /* Assets.xcassets in Resources */,
				687F822C2427E953006A90A5 /* Main.storyboard in Resources */,
			);
			runOnlyForDeploymentPostprocessing = 0;
		};
/* End PBXResourcesBuildPhase section */

/* Begin PBXShellScriptBuildPhase section */
		687F82382430B20C006A90A5 /* Run Script: SwiftLint */ = {
			isa = PBXShellScriptBuildPhase;
			buildActionMask = 2147483647;
			files = (
			);
			inputFileListPaths = (
			);
			inputPaths = (
			);
			name = "Run Script: SwiftLint";
			outputFileListPaths = (
			);
			outputPaths = (
			);
			runOnlyForDeploymentPostprocessing = 0;
			shellPath = /bin/sh;
			shellScript = "if which swiftlint >/dev/null; then\n  swiftlint\nelse\n  echo \"warning: SwiftLint not installed, download from https://github.com/realm/SwiftLint\"\nfi\n";
		};
/* End PBXShellScriptBuildPhase section */

/* Begin PBXSourcesBuildPhase section */
		687F821D2427E953006A90A5 /* Sources */ = {
			isa = PBXSourcesBuildPhase;
			buildActionMask = 2147483647;
			files = (
				68F24F1D24448C680090BCAA /* MemeCollectionCell.swift in Sources */,
				68F24F1324447CDE0090BCAA /* MemeHistoryViewController.swift in Sources */,
				687F82292427E953006A90A5 /* MemeEditorViewController.swift in Sources */,
				68F24F1B24448C5C0090BCAA /* MemeTableCell.swift in Sources */,
				68F24F1124447A1C0090BCAA /* Meme.swift in Sources */,
				687F82252427E953006A90A5 /* AppDelegate.swift in Sources */,
				68F24F18244484870090BCAA /* MemeHistoryCollectionViewController.swift in Sources */,
				68F24F16244484770090BCAA /* MemeHistoryTableViewController.swift in Sources */,
				687F82272427E953006A90A5 /* SceneDelegate.swift in Sources */,
			);
			runOnlyForDeploymentPostprocessing = 0;
		};
/* End PBXSourcesBuildPhase section */

/* Begin PBXVariantGroup section */
		687F822A2427E953006A90A5 /* Main.storyboard */ = {
			isa = PBXVariantGroup;
			children = (
				687F822B2427E953006A90A5 /* Base */,
			);
			name = Main.storyboard;
			sourceTree = "<group>";
		};
		687F822F2427E955006A90A5 /* LaunchScreen.storyboard */ = {
			isa = PBXVariantGroup;
			children = (
				687F82302427E955006A90A5 /* Base */,
			);
			name = LaunchScreen.storyboard;
			sourceTree = "<group>";
		};
/* End PBXVariantGroup section */

/* Begin XCBuildConfiguration section */
		687F82332427E955006A90A5 /* Debug */ = {
			isa = XCBuildConfiguration;
			buildSettings = {
				ALWAYS_SEARCH_USER_PATHS = NO;
				CLANG_ANALYZER_NONNULL = YES;
				CLANG_ANALYZER_NUMBER_OBJECT_CONVERSION = YES_AGGRESSIVE;
				CLANG_CXX_LANGUAGE_STANDARD = "gnu++14";
				CLANG_CXX_LIBRARY = "libc++";
				CLANG_ENABLE_MODULES = YES;
				CLANG_ENABLE_OBJC_ARC = YES;
				CLANG_ENABLE_OBJC_WEAK = YES;
				CLANG_WARN_BLOCK_CAPTURE_AUTORELEASING = YES;
				CLANG_WARN_BOOL_CONVERSION = YES;
				CLANG_WARN_COMMA = YES;
				CLANG_WARN_CONSTANT_CONVERSION = YES;
				CLANG_WARN_DEPRECATED_OBJC_IMPLEMENTATIONS = YES;
				CLANG_WARN_DIRECT_OBJC_ISA_USAGE = YES_ERROR;
				CLANG_WARN_DOCUMENTATION_COMMENTS = YES;
				CLANG_WARN_EMPTY_BODY = YES;
				CLANG_WARN_ENUM_CONVERSION = YES;
				CLANG_WARN_INFINITE_RECURSION = YES;
				CLANG_WARN_INT_CONVERSION = YES;
				CLANG_WARN_NON_LITERAL_NULL_CONVERSION = YES;
				CLANG_WARN_OBJC_IMPLICIT_RETAIN_SELF = YES;
				CLANG_WARN_OBJC_LITERAL_CONVERSION = YES;
				CLANG_WARN_OBJC_ROOT_CLASS = YES_ERROR;
				CLANG_WARN_RANGE_LOOP_ANALYSIS = YES;
				CLANG_WARN_STRICT_PROTOTYPES = YES;
				CLANG_WARN_SUSPICIOUS_MOVE = YES;
				CLANG_WARN_UNGUARDED_AVAILABILITY = YES_AGGRESSIVE;
				CLANG_WARN_UNREACHABLE_CODE = YES;
				CLANG_WARN__DUPLICATE_METHOD_MATCH = YES;
				COPY_PHASE_STRIP = NO;
				DEBUG_INFORMATION_FORMAT = dwarf;
				ENABLE_STRICT_OBJC_MSGSEND = YES;
				ENABLE_TESTABILITY = YES;
				GCC_C_LANGUAGE_STANDARD = gnu11;
				GCC_DYNAMIC_NO_PIC = NO;
				GCC_NO_COMMON_BLOCKS = YES;
				GCC_OPTIMIZATION_LEVEL = 0;
				GCC_PREPROCESSOR_DEFINITIONS = (
					"DEBUG=1",
					"$(inherited)",
				);
				GCC_WARN_64_TO_32_BIT_CONVERSION = YES;
				GCC_WARN_ABOUT_RETURN_TYPE = YES_ERROR;
				GCC_WARN_UNDECLARED_SELECTOR = YES;
				GCC_WARN_UNINITIALIZED_AUTOS = YES_AGGRESSIVE;
				GCC_WARN_UNUSED_FUNCTION = YES;
				GCC_WARN_UNUSED_VARIABLE = YES;
				IPHONEOS_DEPLOYMENT_TARGET = 13.2;
				MTL_ENABLE_DEBUG_INFO = INCLUDE_SOURCE;
				MTL_FAST_MATH = YES;
				ONLY_ACTIVE_ARCH = YES;
				SDKROOT = iphoneos;
				SWIFT_ACTIVE_COMPILATION_CONDITIONS = DEBUG;
				SWIFT_OPTIMIZATION_LEVEL = "-Onone";
			};
			name = Debug;
		};
		687F82342427E955006A90A5 /* Release */ = {
			isa = XCBuildConfiguration;
			buildSettings = {
				ALWAYS_SEARCH_USER_PATHS = NO;
				CLANG_ANALYZER_NONNULL = YES;
				CLANG_ANALYZER_NUMBER_OBJECT_CONVERSION = YES_AGGRESSIVE;
				CLANG_CXX_LANGUAGE_STANDARD = "gnu++14";
				CLANG_CXX_LIBRARY = "libc++";
				CLANG_ENABLE_MODULES = YES;
				CLANG_ENABLE_OBJC_ARC = YES;
				CLANG_ENABLE_OBJC_WEAK = YES;
				CLANG_WARN_BLOCK_CAPTURE_AUTORELEASING = YES;
				CLANG_WARN_BOOL_CONVERSION = YES;
				CLANG_WARN_COMMA = YES;
				CLANG_WARN_CONSTANT_CONVERSION = YES;
				CLANG_WARN_DEPRECATED_OBJC_IMPLEMENTATIONS = YES;
				CLANG_WARN_DIRECT_OBJC_ISA_USAGE = YES_ERROR;
				CLANG_WARN_DOCUMENTATION_COMMENTS = YES;
				CLANG_WARN_EMPTY_BODY = YES;
				CLANG_WARN_ENUM_CONVERSION = YES;
				CLANG_WARN_INFINITE_RECURSION = YES;
				CLANG_WARN_INT_CONVERSION = YES;
				CLANG_WARN_NON_LITERAL_NULL_CONVERSION = YES;
				CLANG_WARN_OBJC_IMPLICIT_RETAIN_SELF = YES;
				CLANG_WARN_OBJC_LITERAL_CONVERSION = YES;
				CLANG_WARN_OBJC_ROOT_CLASS = YES_ERROR;
				CLANG_WARN_RANGE_LOOP_ANALYSIS = YES;
				CLANG_WARN_STRICT_PROTOTYPES = YES;
				CLANG_WARN_SUSPICIOUS_MOVE = YES;
				CLANG_WARN_UNGUARDED_AVAILABILITY = YES_AGGRESSIVE;
				CLANG_WARN_UNREACHABLE_CODE = YES;
				CLANG_WARN__DUPLICATE_METHOD_MATCH = YES;
				COPY_PHASE_STRIP = NO;
				DEBUG_INFORMATION_FORMAT = "dwarf-with-dsym";
				ENABLE_NS_ASSERTIONS = NO;
				ENABLE_STRICT_OBJC_MSGSEND = YES;
				GCC_C_LANGUAGE_STANDARD = gnu11;
				GCC_NO_COMMON_BLOCKS = YES;
				GCC_WARN_64_TO_32_BIT_CONVERSION = YES;
				GCC_WARN_ABOUT_RETURN_TYPE = YES_ERROR;
				GCC_WARN_UNDECLARED_SELECTOR = YES;
				GCC_WARN_UNINITIALIZED_AUTOS = YES_AGGRESSIVE;
				GCC_WARN_UNUSED_FUNCTION = YES;
				GCC_WARN_UNUSED_VARIABLE = YES;
				IPHONEOS_DEPLOYMENT_TARGET = 13.2;
				MTL_ENABLE_DEBUG_INFO = NO;
				MTL_FAST_MATH = YES;
				SDKROOT = iphoneos;
				SWIFT_COMPILATION_MODE = wholemodule;
				SWIFT_OPTIMIZATION_LEVEL = "-O";
				VALIDATE_PRODUCT = YES;
			};
			name = Release;
		};
		687F82362427E955006A90A5 /* Debug */ = {
			isa = XCBuildConfiguration;
			buildSettings = {
				ASSETCATALOG_COMPILER_APPICON_NAME = AppIcon;
				CODE_SIGN_STYLE = Automatic;
				INFOPLIST_FILE = MemeMe/Info.plist;
				LD_RUNPATH_SEARCH_PATHS = (
					"$(inherited)",
					"@executable_path/Frameworks",
				);
				PRODUCT_BUNDLE_IDENTIFIER = "com.nd-projects.MemeMe";
				PRODUCT_NAME = "$(TARGET_NAME)";
				SWIFT_VERSION = 5.0;
				TARGETED_DEVICE_FAMILY = "1,2";
			};
			name = Debug;
		};
		687F82372427E955006A90A5 /* Release */ = {
			isa = XCBuildConfiguration;
			buildSettings = {
				ASSETCATALOG_COMPILER_APPICON_NAME = AppIcon;
				CODE_SIGN_STYLE = Automatic;
				INFOPLIST_FILE = MemeMe/Info.plist;
				LD_RUNPATH_SEARCH_PATHS = (
					"$(inherited)",
					"@executable_path/Frameworks",
				);
				PRODUCT_BUNDLE_IDENTIFIER = "com.nd-projects.MemeMe";
				PRODUCT_NAME = "$(TARGET_NAME)";
				SWIFT_VERSION = 5.0;
				TARGETED_DEVICE_FAMILY = "1,2";
			};
			name = Release;
		};
/* End XCBuildConfiguration section */

/* Begin XCConfigurationList section */
		687F821C2427E953006A90A5 /* Build configuration list for PBXProject "MemeMe" */ = {
			isa = XCConfigurationList;
			buildConfigurations = (
				687F82332427E955006A90A5 /* Debug */,
				687F82342427E955006A90A5 /* Release */,
			);
			defaultConfigurationIsVisible = 0;
			defaultConfigurationName = Release;
		};
		687F82352427E955006A90A5 /* Build configuration list for PBXNativeTarget "MemeMe" */ = {
			isa = XCConfigurationList;
			buildConfigurations = (
				687F82362427E955006A90A5 /* Debug */,
				687F82372427E955006A90A5 /* Release */,
			);
			defaultConfigurationIsVisible = 0;
			defaultConfigurationName = Release;
		};
/* End XCConfigurationList section */
	};
	rootObject = 687F82192427E953006A90A5 /* Project object */;
}
